
Microsoft Visual Studio Solution File, Format Version 12.00
# Visual Studio Version 17
VisualStudioVersion = 17.9.34622.214
MinimumVisualStudioVersion = 10.0.40219.1
Project("{FAE04EC0-301F-11D3-BF4B-00C04F79EFBC}") = "GoRestUsers", "GoRestUsers.csproj", "{6DF6F004-E40D-4928-87DE-9499274A03FF}"
EndProject
Global
	GlobalSection(SolutionConfigurationPlatforms) = preSolution
		Debug|Any CPU = Debug|Any CPU
		Release|Any CPU = Release|Any CPU
	EndGlobalSection
	GlobalSection(ProjectConfigurationPlatforms) = postSolution
		{6DF6F004-E40D-4928-87DE-9499274A03FF}.Debug|Any CPU.ActiveCfg = Debug|Any CPU
		{6DF6F004-E40D-4928-87DE-9499274A03FF}.Debug|Any CPU.Build.0 = Debug|Any CPU
		{6DF6F004-E40D-4928-87DE-9499274A03FF}.Release|Any CPU.ActiveCfg = Release|Any CPU
		{6DF6F004-E40D-4928-87DE-9499274A03FF}.Release|Any CPU.Build.0 = Release|Any CPU
	EndGlobalSection
	GlobalSection(SolutionProperties) = preSolution
		HideSolutionNode = FALSE
	EndGlobalSection
	GlobalSection(ExtensibilityGlobals) = postSolution
		SolutionGuid = {0D23BC82-EF0E-4455-A59A-E014BB5364CD}
	EndGlobalSection
EndGlobal
